
Microsoft Visual Studio Solution File, Format Version 12.00
# Visual Studio 15
VisualStudioVersion = 15.0.28307.136
MinimumVisualStudioVersion = 10.0.40219.1
Project("{9A19103F-16F7-4668-BE54-9A1E7A4F7556}") = "StudyInfo.Bot", "src\StudyInfo-Bot\StudyInfo.Bot.csproj", "{267D607E-E091-45AF-8BFC-EC35BE47794B}"
EndProject
Project("{9A19103F-16F7-4668-BE54-9A1E7A4F7556}") = "StudyInfo.Logic", "src\StudyInfo.Logic\StudyInfo.Logic.csproj", "{92F868D2-23D0-446A-B53A-07F21951816C}"
EndProject
Project("{FAE04EC0-301F-11D3-BF4B-00C04F79EFBC}") = "StudyInfo.ConsoleApp", "src\StudyInfo.Console\StudyInfo.ConsoleApp.csproj", "{9D6377D2-7D5A-4D18-AE8C-AFECA500716B}"
EndProject
Global
	GlobalSection(SolutionConfigurationPlatforms) = preSolution
		Debug|Any CPU = Debug|Any CPU
		Release|Any CPU = Release|Any CPU
	EndGlobalSection
	GlobalSection(ProjectConfigurationPlatforms) = postSolution
		{267D607E-E091-45AF-8BFC-EC35BE47794B}.Debug|Any CPU.ActiveCfg = Debug|Any CPU
		{267D607E-E091-45AF-8BFC-EC35BE47794B}.Debug|Any CPU.Build.0 = Debug|Any CPU
		{267D607E-E091-45AF-8BFC-EC35BE47794B}.Release|Any CPU.ActiveCfg = Release|Any CPU
		{267D607E-E091-45AF-8BFC-EC35BE47794B}.Release|Any CPU.Build.0 = Release|Any CPU
		{92F868D2-23D0-446A-B53A-07F21951816C}.Debug|Any CPU.ActiveCfg = Debug|Any CPU
		{92F868D2-23D0-446A-B53A-07F21951816C}.Debug|Any CPU.Build.0 = Debug|Any CPU
		{92F868D2-23D0-446A-B53A-07F21951816C}.Release|Any CPU.ActiveCfg = Release|Any CPU
		{92F868D2-23D0-446A-B53A-07F21951816C}.Release|Any CPU.Build.0 = Release|Any CPU
		{9D6377D2-7D5A-4D18-AE8C-AFECA500716B}.Debug|Any CPU.ActiveCfg = Debug|Any CPU
		{9D6377D2-7D5A-4D18-AE8C-AFECA500716B}.Debug|Any CPU.Build.0 = Debug|Any CPU
		{9D6377D2-7D5A-4D18-AE8C-AFECA500716B}.Release|Any CPU.ActiveCfg = Release|Any CPU
		{9D6377D2-7D5A-4D18-AE8C-AFECA500716B}.Release|Any CPU.Build.0 = Release|Any CPU
	EndGlobalSection
	GlobalSection(SolutionProperties) = preSolution
		HideSolutionNode = FALSE
	EndGlobalSection
	GlobalSection(ExtensibilityGlobals) = postSolution
		SolutionGuid = {2EF460A3-9A69-487B-8D27-A758D5E41B02}
	EndGlobalSection
EndGlobal
